
Microsoft Visual Studio Solution File, Format Version 12.00
# Visual Studio Version 17
VisualStudioVersion = 17.0.32112.339
MinimumVisualStudioVersion = 10.0.40219.1
Project("{FAE04EC0-301F-11D3-BF4B-00C04F79EFBC}") = "Shandling", "Shandling\Shandling.csproj", "{9E661B5F-206B-43C7-A6E6-EC0D92BC8D01}"
EndProject
Global
	GlobalSection(SolutionConfigurationPlatforms) = preSolution
		Debug|Any CPU = Debug|Any CPU
		Release|Any CPU = Release|Any CPU
	EndGlobalSection
	GlobalSection(ProjectConfigurationPlatforms) = postSolution
		{9E661B5F-206B-43C7-A6E6-EC0D92BC8D01}.Debug|Any CPU.ActiveCfg = Debug|Any CPU
		{9E661B5F-206B-43C7-A6E6-EC0D92BC8D01}.Debug|Any CPU.Build.0 = Debug|Any CPU
		{9E661B5F-206B-43C7-A6E6-EC0D92BC8D01}.Release|Any CPU.ActiveCfg = Release|Any CPU
		{9E661B5F-206B-43C7-A6E6-EC0D92BC8D01}.Release|Any CPU.Build.0 = Release|Any CPU
	EndGlobalSection
	GlobalSection(SolutionProperties) = preSolution
		HideSolutionNode = FALSE
	EndGlobalSection
	GlobalSection(ExtensibilityGlobals) = postSolution
		SolutionGuid = {BCEBF74D-B33B-4589-AA3F-EF5E02830849}
	EndGlobalSection
EndGlobal
